{
    "_readme": [
        "This file locks the dependencies of your project to a known state",
        "Read more about it at https://getcomposer.org/doc/01-basic-usage.md#installing-dependencies",
        "This file is @generated automatically"
    ],
    "content-hash": "b365f2378b79f15548691c193a00afa3",
    "packages": [
        {
            "name": "0000dev/my",
            "version": "0.0.2",
            "source": {
                "type": "git",
                "url": "https://github.com/0000dev/my.git",
                "reference": "0.0.2"
            },
            "dist": {
                "type": "zip",
                "url": "https://github.com/0000dev/my/archive/master.zip",
                "reference": "0.0.2",
                "shasum": null
            },
            "type": "library",
            "autoload": {
                "classmap": [
                    "."
                ]
            }
        }
    ],
    "packages-dev": [],
    "aliases": [],
    "minimum-stability": "stable",
    "stability-flags": [],
    "prefer-stable": false,
    "prefer-lowest": false,
    "platform": {
        "php": ">=5.3"
    },
    "platform-dev": []
}
